
Microsoft Visual Studio Solution File, Format Version 12.00
# Visual Studio Version 17
VisualStudioVersion = 17.4.33205.214
MinimumVisualStudioVersion = 10.0.40219.1
Project("{9A19103F-16F7-4668-BE54-9A1E7A4F7556}") = "MOD.Server", "Server\MOD.Server.csproj", "{BEA4A18C-6505-4FB3-BA26-26E76DF18125}"
EndProject
Project("{9A19103F-16F7-4668-BE54-9A1E7A4F7556}") = "MOD.Client", "Client\MOD.Client.csproj", "{D8568F0D-1BDC-4B91-B02D-F64AA05DD986}"
EndProject
Project("{9A19103F-16F7-4668-BE54-9A1E7A4F7556}") = "MOD.Shared", "Shared\MOD.Shared.csproj", "{75281737-99FA-4A49-B108-52FFBAF7AF30}"
EndProject
Project("{9A19103F-16F7-4668-BE54-9A1E7A4F7556}") = "MOD.Database", "Database\MOD.Database.csproj", "{836C1FF4-9CBC-4E28-898B-B78F4E2D7DF4}"
EndProject
Project("{9A19103F-16F7-4668-BE54-9A1E7A4F7556}") = "MOD.Admin", "MOD.Admin\MOD.Admin.csproj", "{9106543D-73EF-49D5-B246-CFB6A2A66F07}"
EndProject
Global
	GlobalSection(SolutionConfigurationPlatforms) = preSolution
		Debug|Any CPU = Debug|Any CPU
		Release|Any CPU = Release|Any CPU
	EndGlobalSection
	GlobalSection(ProjectConfigurationPlatforms) = postSolution
		{BEA4A18C-6505-4FB3-BA26-26E76DF18125}.Debug|Any CPU.ActiveCfg = Debug|Any CPU
		{BEA4A18C-6505-4FB3-BA26-26E76DF18125}.Debug|Any CPU.Build.0 = Debug|Any CPU
		{BEA4A18C-6505-4FB3-BA26-26E76DF18125}.Release|Any CPU.ActiveCfg = Release|Any CPU
		{BEA4A18C-6505-4FB3-BA26-26E76DF18125}.Release|Any CPU.Build.0 = Release|Any CPU
		{D8568F0D-1BDC-4B91-B02D-F64AA05DD986}.Debug|Any CPU.ActiveCfg = Debug|Any CPU
		{D8568F0D-1BDC-4B91-B02D-F64AA05DD986}.Debug|Any CPU.Build.0 = Debug|Any CPU
		{D8568F0D-1BDC-4B91-B02D-F64AA05DD986}.Release|Any CPU.ActiveCfg = Release|Any CPU
		{D8568F0D-1BDC-4B91-B02D-F64AA05DD986}.Release|Any CPU.Build.0 = Release|Any CPU
		{75281737-99FA-4A49-B108-52FFBAF7AF30}.Debug|Any CPU.ActiveCfg = Debug|Any CPU
		{75281737-99FA-4A49-B108-52FFBAF7AF30}.Debug|Any CPU.Build.0 = Debug|Any CPU
		{75281737-99FA-4A49-B108-52FFBAF7AF30}.Release|Any CPU.ActiveCfg = Release|Any CPU
		{75281737-99FA-4A49-B108-52FFBAF7AF30}.Release|Any CPU.Build.0 = Release|Any CPU
		{836C1FF4-9CBC-4E28-898B-B78F4E2D7DF4}.Debug|Any CPU.ActiveCfg = Debug|Any CPU
		{836C1FF4-9CBC-4E28-898B-B78F4E2D7DF4}.Debug|Any CPU.Build.0 = Debug|Any CPU
		{836C1FF4-9CBC-4E28-898B-B78F4E2D7DF4}.Release|Any CPU.ActiveCfg = Release|Any CPU
		{836C1FF4-9CBC-4E28-898B-B78F4E2D7DF4}.Release|Any CPU.Build.0 = Release|Any CPU
		{9106543D-73EF-49D5-B246-CFB6A2A66F07}.Debug|Any CPU.ActiveCfg = Debug|Any CPU
		{9106543D-73EF-49D5-B246-CFB6A2A66F07}.Debug|Any CPU.Build.0 = Debug|Any CPU
		{9106543D-73EF-49D5-B246-CFB6A2A66F07}.Release|Any CPU.ActiveCfg = Release|Any CPU
		{9106543D-73EF-49D5-B246-CFB6A2A66F07}.Release|Any CPU.Build.0 = Release|Any CPU
	EndGlobalSection
	GlobalSection(SolutionProperties) = preSolution
		HideSolutionNode = FALSE
	EndGlobalSection
	GlobalSection(ExtensibilityGlobals) = postSolution
		SolutionGuid = {480EE115-2F48-46F5-8507-D52CD662971B}
	EndGlobalSection
EndGlobal
